speakeasyVersion: 1.800.0
sources:
    cloud:
        sourceNamespace: xapi
        sourceRevisionDigest: sha256:e4f779d5c1691ce5cc8d2dbf159a110acc3de4d301e53364428f0bee46c61b43
        sourceBlobDigest: sha256:5581a893e6a1a8646a2798f16f1f8ab5dc2efe616ea0f7fd85c89e3ed56526a0
        tags:
            - latest
            - 3.0.0-beta.124
    local:
        sourceNamespace: xapi
        sourceRevisionDigest: sha256:22ac5fa45f8a149986459f020e3272b727a32b0c6a7078e5c0b371bf7939e7d6
        sourceBlobDigest: sha256:3ddf92b54817366bce1bfff769b02c2b01d2aead268b0b98ad5ce423240689ce
        tags:
            - latest
            - speakeasy-sdk-regen-1754508923
            - 3.0.0-beta01
targets:
    go:
        source: cloud
        sourceNamespace: xapi
        sourceRevisionDigest: sha256:e4f779d5c1691ce5cc8d2dbf159a110acc3de4d301e53364428f0bee46c61b43
        sourceBlobDigest: sha256:5581a893e6a1a8646a2798f16f1f8ab5dc2efe616ea0f7fd85c89e3ed56526a0
        codeSamplesNamespace: xapi-go-code-samples
        codeSamplesRevisionDigest: sha256:5b5c6bf5e96e4f66e62fab4eb623968800b42b672815ba81b86db6c8444689f2
workflow:
    workflowVersion: 1.0.0
    speakeasyVersion: latest
    sources:
        cloud:
            inputs:
                - location: https://s3.amazonaws.com/dp-devportal-images/oas/openapi.yml
            registry:
                location: registry.speakeasyapi.dev/dailypay/dailypay/xapi
    targets:
        go:
            target: go
            source: cloud
            codeSamples:
                output: codeSamples.yaml
                registry:
                    location: registry.speakeasyapi.dev/dailypay/dailypay/xapi-go-code-samples
                langOverride: Go
                labelOverride:
                    omit: true
