speakeasyVersion: 1.761.5
sources:
    cloud:
        sourceNamespace: xapi
        sourceRevisionDigest: sha256:89def9e15b77b0674e91757db629441493ede3f7d839792efd6a3ae6e44cd59a
        sourceBlobDigest: sha256:cf11601b088b5de09afe7b8d89ae760c0b60defdaeac8a3e6fade6149a562486
        tags:
            - latest
            - 3.0.0-beta.109
    local:
        sourceNamespace: xapi
        sourceRevisionDigest: sha256:22ac5fa45f8a149986459f020e3272b727a32b0c6a7078e5c0b371bf7939e7d6
        sourceBlobDigest: sha256:3ddf92b54817366bce1bfff769b02c2b01d2aead268b0b98ad5ce423240689ce
        tags:
            - latest
            - speakeasy-sdk-regen-1754508923
            - 3.0.0-beta01
targets:
    go:
        source: cloud
        sourceNamespace: xapi
        sourceRevisionDigest: sha256:89def9e15b77b0674e91757db629441493ede3f7d839792efd6a3ae6e44cd59a
        sourceBlobDigest: sha256:cf11601b088b5de09afe7b8d89ae760c0b60defdaeac8a3e6fade6149a562486
        codeSamplesNamespace: xapi-go-code-samples
        codeSamplesRevisionDigest: sha256:88045c4ac2d51cb7d987474b12c0553065c5ace2102a3c3ca925cb772409fe43
workflow:
    workflowVersion: 1.0.0
    speakeasyVersion: latest
    sources:
        cloud:
            inputs:
                - location: https://s3.amazonaws.com/dp-devportal-images/oas/openapi.yml
            registry:
                location: registry.speakeasyapi.dev/dailypay/dailypay/xapi
    targets:
        go:
            target: go
            source: cloud
            codeSamples:
                output: codeSamples.yaml
                registry:
                    location: registry.speakeasyapi.dev/dailypay/dailypay/xapi-go-code-samples
                langOverride: Go
                labelOverride:
                    omit: true
